
Microsoft Visual Studio Solution File, Format Version 12.00
# Visual Studio Version 16
VisualStudioVersion = 16.0.29009.5
MinimumVisualStudioVersion = 10.0.40219.1
Project("{FAE04EC0-301F-11D3-BF4B-00C04F79EFBC}") = "VSProlog", "src\VSProlog.csproj", "{F6C642B9-9F63-4D27-8A70-0F970B561B34}"
EndProject
Project("{2150E333-8FDC-42A3-9474-1A3956D46DE8}") = "_Build", "_Build", "{9C72A401-4DBE-4184-BF83-37B2262278C4}"
	ProjectSection(SolutionItems) = preProject
		build.props = build.props
	EndProjectSection
EndProject
Global
	GlobalSection(SolutionConfigurationPlatforms) = preSolution
		Debug|Any CPU = Debug|Any CPU
		Release|Any CPU = Release|Any CPU
	EndGlobalSection
	GlobalSection(ProjectConfigurationPlatforms) = postSolution
		{F6C642B9-9F63-4D27-8A70-0F970B561B34}.Debug|Any CPU.ActiveCfg = Debug|Any CPU
		{F6C642B9-9F63-4D27-8A70-0F970B561B34}.Debug|Any CPU.Build.0 = Debug|Any CPU
		{F6C642B9-9F63-4D27-8A70-0F970B561B34}.Release|Any CPU.ActiveCfg = Release|Any CPU
		{F6C642B9-9F63-4D27-8A70-0F970B561B34}.Release|Any CPU.Build.0 = Release|Any CPU
	EndGlobalSection
	GlobalSection(SolutionProperties) = preSolution
		HideSolutionNode = FALSE
	EndGlobalSection
	GlobalSection(ExtensibilityGlobals) = postSolution
		SolutionGuid = {94E54C86-21BE-4C21-AF04-C7ED664665C9}
	EndGlobalSection
EndGlobal
